
Microsoft Visual Studio Solution File, Format Version 9.00
# Visual Studio 2005
Project("{8BC9CEB8-8B4A-11D0-8D11-00A0C91BC942}") = "MYRMI_Client", "MYRMI_Client\MYRMI_Client.vcproj", "{C9A7ACFE-1A63-4A10-A856-65124F085419}"
EndProject
Global
	GlobalSection(SolutionConfigurationPlatforms) = preSolution
		Debug|Win32 = Debug|Win32
		Release|Win32 = Release|Win32
	EndGlobalSection
	GlobalSection(ProjectConfigurationPlatforms) = postSolution
		{C9A7ACFE-1A63-4A10-A856-65124F085419}.Debug|Win32.ActiveCfg = Debug|Win32
		{C9A7ACFE-1A63-4A10-A856-65124F085419}.Debug|Win32.Build.0 = Debug|Win32
		{C9A7ACFE-1A63-4A10-A856-65124F085419}.Release|Win32.ActiveCfg = Release|Win32
		{C9A7ACFE-1A63-4A10-A856-65124F085419}.Release|Win32.Build.0 = Release|Win32
	EndGlobalSection
	GlobalSection(SolutionProperties) = preSolution
		HideSolutionNode = FALSE
	EndGlobalSection
EndGlobal
