
Microsoft Visual Studio Solution File, Format Version 9.00
# Visual Studio 2005
Project("{8BC9CEB8-8B4A-11D0-8D11-00A0C91BC942}") = "Auto_ptr", "Auto_ptr\Auto_ptr.vcproj", "{93B8CA40-839B-4EA8-B11C-226945DD581C}"
EndProject
Global
	GlobalSection(SolutionConfigurationPlatforms) = preSolution
		Debug|Win32 = Debug|Win32
		Release|Win32 = Release|Win32
	EndGlobalSection
	GlobalSection(ProjectConfigurationPlatforms) = postSolution
		{93B8CA40-839B-4EA8-B11C-226945DD581C}.Debug|Win32.ActiveCfg = Debug|Win32
		{93B8CA40-839B-4EA8-B11C-226945DD581C}.Debug|Win32.Build.0 = Debug|Win32
		{93B8CA40-839B-4EA8-B11C-226945DD581C}.Release|Win32.ActiveCfg = Release|Win32
		{93B8CA40-839B-4EA8-B11C-226945DD581C}.Release|Win32.Build.0 = Release|Win32
	EndGlobalSection
	GlobalSection(SolutionProperties) = preSolution
		HideSolutionNode = FALSE
	EndGlobalSection
EndGlobal
