
Microsoft Visual Studio Solution File, Format Version 11.00
# Visual Studio 2010
Project("{8BC9CEB8-8B4A-11D0-8D11-00A0C91BC942}") = "ut", "ut\ut.vcxproj", "{47D029D5-DD10-4BAD-84EE-C0C74B587B67}"
EndProject
Project("{8BC9CEB8-8B4A-11D0-8D11-00A0C91BC942}") = "xlib", "xlib\xlib.vcxproj", "{3B89532F-2E02-44F7-B250-42746B077A4E}"
EndProject
Project("{8BC9CEB8-8B4A-11D0-8D11-00A0C91BC942}") = "mynet", "core\comp\MyNet\mynet.vcxproj", "{094D121B-28D9-4CFB-B18B-FA0BCA71409A}"
EndProject
Project("{8BC9CEB8-8B4A-11D0-8D11-00A0C91BC942}") = "mynet_test", "example\mynet_test\mynet_test.vcxproj", "{97571C7D-E080-4EAD-987A-BC9FB0C67F20}"
EndProject
Project("{8BC9CEB8-8B4A-11D0-8D11-00A0C91BC942}") = "kl", "kl\kl.vcxproj", "{8F300589-804D-3838-166A-5FA9A636AB63}"
EndProject
Project("{8BC9CEB8-8B4A-11D0-8D11-00A0C91BC942}") = "kl_ex", "kl_ex\kl_ex.vcxproj", "{68C5D543-E4F7-4DFA-BE3E-4CCBE94B3AEF}"
EndProject
Project("{8BC9CEB8-8B4A-11D0-8D11-00A0C91BC942}") = "proc_comm", "example\ProcessCommunicate\proc_comm.vcxproj", "{0F981E0A-2493-4716-9813-23113B43CDC9}"
EndProject
Project("{8BC9CEB8-8B4A-11D0-8D11-00A0C91BC942}") = "proxy_server", "example\proxy\proxy_server\proxy_server.vcxproj", "{9E74EC96-B025-4F03-B7FA-6C414DC352CA}"
EndProject
Project("{8BC9CEB8-8B4A-11D0-8D11-00A0C91BC942}") = "proxy_client", "example\proxy\proxy_client\proxy_client.vcxproj", "{1F4E3692-CECD-429B-B3BD-3E227CD26837}"
EndProject
Project("{8BC9CEB8-8B4A-11D0-8D11-00A0C91BC942}") = "echo_server", "example\echo_server\echo_server.vcxproj", "{FEC804B3-4521-4848-A41A-3A09FAC6022F}"
EndProject
Project("{8BC9CEB8-8B4A-11D0-8D11-00A0C91BC942}") = "mysql_test", "example\mysql_test\mysql_test.vcxproj", "{57E03AF8-64C5-4234-97B6-BC637FCC6C3A}"
EndProject
Project("{8BC9CEB8-8B4A-11D0-8D11-00A0C91BC942}") = "DuiLib", "core\third\duilib\DuiLib.vcxproj", "{E106ACD7-4E53-4AEE-942B-D0DD426DB34E}"
EndProject
Project("{8BC9CEB8-8B4A-11D0-8D11-00A0C91BC942}") = "push_client", "module\push\push_client\push_client.vcxproj", "{2D07F630-0966-45CC-93DF-C2B555D15A35}"
EndProject
Project("{2150E333-8FDC-42A3-9474-1A3956D46DE8}") = "module", "module", "{2167A515-14DE-437B-9711-FFD44195EEBF}"
EndProject
Project("{8BC9CEB8-8B4A-11D0-8D11-00A0C91BC942}") = "push_server", "module\push\push_server\push_server.vcxproj", "{81A6016B-1AC7-401B-BF3A-FE66FF167232}"
EndProject
Project("{2150E333-8FDC-42A3-9474-1A3956D46DE8}") = "lib", "lib", "{3F38F1F7-B014-4B32-BFA2-E0890B98FCB4}"
EndProject
Project("{2150E333-8FDC-42A3-9474-1A3956D46DE8}") = "comp", "comp", "{68DF2A8B-76DA-4CBC-9A53-9BA74E4B0779}"
EndProject
Project("{8BC9CEB8-8B4A-11D0-8D11-00A0C91BC942}") = "sign_verify", "core\comp\sign_verify\sign_verify.vcxproj", "{6DFFFA81-E320-46F6-888E-6F94A8A9C489}"
EndProject
Project("{8BC9CEB8-8B4A-11D0-8D11-00A0C91BC942}") = "push_test", "module\push\push_test\push_test.vcxproj", "{61CD5294-E9A3-4984-A0C5-DBD9B54CCE1B}"
EndProject
Project("{8BC9CEB8-8B4A-11D0-8D11-00A0C91BC942}") = "upgrade", "module\upgrade\upgrade.vcxproj", "{22F6A30E-D264-4C73-83E8-95E350913A4A}"
EndProject
Project("{8BC9CEB8-8B4A-11D0-8D11-00A0C91BC942}") = "updater", "module\updater\updater.vcxproj", "{EE3283BF-59FA-45A6-B5E2-9CF9E6E35439}"
EndProject
Global
	GlobalSection(SolutionConfigurationPlatforms) = preSolution
		Debug|Win32 = Debug|Win32
		Release|Win32 = Release|Win32
		UnicodeDebug|Win32 = UnicodeDebug|Win32
		UnicodeRelease|Win32 = UnicodeRelease|Win32
	EndGlobalSection
	GlobalSection(ProjectConfigurationPlatforms) = postSolution
		{47D029D5-DD10-4BAD-84EE-C0C74B587B67}.Debug|Win32.ActiveCfg = Debug|Win32
		{47D029D5-DD10-4BAD-84EE-C0C74B587B67}.Debug|Win32.Build.0 = Debug|Win32
		{47D029D5-DD10-4BAD-84EE-C0C74B587B67}.Release|Win32.ActiveCfg = Release|Win32
		{47D029D5-DD10-4BAD-84EE-C0C74B587B67}.Release|Win32.Build.0 = Release|Win32
		{47D029D5-DD10-4BAD-84EE-C0C74B587B67}.UnicodeDebug|Win32.ActiveCfg = Debug|Win32
		{47D029D5-DD10-4BAD-84EE-C0C74B587B67}.UnicodeDebug|Win32.Build.0 = Debug|Win32
		{47D029D5-DD10-4BAD-84EE-C0C74B587B67}.UnicodeRelease|Win32.ActiveCfg = Release|Win32
		{47D029D5-DD10-4BAD-84EE-C0C74B587B67}.UnicodeRelease|Win32.Build.0 = Release|Win32
		{3B89532F-2E02-44F7-B250-42746B077A4E}.Debug|Win32.ActiveCfg = Debug|Win32
		{3B89532F-2E02-44F7-B250-42746B077A4E}.Debug|Win32.Build.0 = Debug|Win32
		{3B89532F-2E02-44F7-B250-42746B077A4E}.Release|Win32.ActiveCfg = Release|Win32
		{3B89532F-2E02-44F7-B250-42746B077A4E}.Release|Win32.Build.0 = Release|Win32
		{3B89532F-2E02-44F7-B250-42746B077A4E}.UnicodeDebug|Win32.ActiveCfg = Debug|Win32
		{3B89532F-2E02-44F7-B250-42746B077A4E}.UnicodeDebug|Win32.Build.0 = Debug|Win32
		{3B89532F-2E02-44F7-B250-42746B077A4E}.UnicodeRelease|Win32.ActiveCfg = Release|Win32
		{3B89532F-2E02-44F7-B250-42746B077A4E}.UnicodeRelease|Win32.Build.0 = Release|Win32
		{094D121B-28D9-4CFB-B18B-FA0BCA71409A}.Debug|Win32.ActiveCfg = Debug|Win32
		{094D121B-28D9-4CFB-B18B-FA0BCA71409A}.Debug|Win32.Build.0 = Debug|Win32
		{094D121B-28D9-4CFB-B18B-FA0BCA71409A}.Release|Win32.ActiveCfg = Release|Win32
		{094D121B-28D9-4CFB-B18B-FA0BCA71409A}.Release|Win32.Build.0 = Release|Win32
		{094D121B-28D9-4CFB-B18B-FA0BCA71409A}.UnicodeDebug|Win32.ActiveCfg = Debug|Win32
		{094D121B-28D9-4CFB-B18B-FA0BCA71409A}.UnicodeDebug|Win32.Build.0 = Debug|Win32
		{094D121B-28D9-4CFB-B18B-FA0BCA71409A}.UnicodeRelease|Win32.ActiveCfg = Release|Win32
		{094D121B-28D9-4CFB-B18B-FA0BCA71409A}.UnicodeRelease|Win32.Build.0 = Release|Win32
		{97571C7D-E080-4EAD-987A-BC9FB0C67F20}.Debug|Win32.ActiveCfg = Debug|Win32
		{97571C7D-E080-4EAD-987A-BC9FB0C67F20}.Debug|Win32.Build.0 = Debug|Win32
		{97571C7D-E080-4EAD-987A-BC9FB0C67F20}.Release|Win32.ActiveCfg = Release|Win32
		{97571C7D-E080-4EAD-987A-BC9FB0C67F20}.Release|Win32.Build.0 = Release|Win32
		{97571C7D-E080-4EAD-987A-BC9FB0C67F20}.UnicodeDebug|Win32.ActiveCfg = Debug|Win32
		{97571C7D-E080-4EAD-987A-BC9FB0C67F20}.UnicodeDebug|Win32.Build.0 = Debug|Win32
		{97571C7D-E080-4EAD-987A-BC9FB0C67F20}.UnicodeRelease|Win32.ActiveCfg = Release|Win32
		{97571C7D-E080-4EAD-987A-BC9FB0C67F20}.UnicodeRelease|Win32.Build.0 = Release|Win32
		{8F300589-804D-3838-166A-5FA9A636AB63}.Debug|Win32.ActiveCfg = Debug|Win32
		{8F300589-804D-3838-166A-5FA9A636AB63}.Debug|Win32.Build.0 = Debug|Win32
		{8F300589-804D-3838-166A-5FA9A636AB63}.Release|Win32.ActiveCfg = Release|Win32
		{8F300589-804D-3838-166A-5FA9A636AB63}.Release|Win32.Build.0 = Release|Win32
		{8F300589-804D-3838-166A-5FA9A636AB63}.UnicodeDebug|Win32.ActiveCfg = Debug|Win32
		{8F300589-804D-3838-166A-5FA9A636AB63}.UnicodeDebug|Win32.Build.0 = Debug|Win32
		{8F300589-804D-3838-166A-5FA9A636AB63}.UnicodeRelease|Win32.ActiveCfg = Release|Win32
		{8F300589-804D-3838-166A-5FA9A636AB63}.UnicodeRelease|Win32.Build.0 = Release|Win32
		{68C5D543-E4F7-4DFA-BE3E-4CCBE94B3AEF}.Debug|Win32.ActiveCfg = Debug|Win32
		{68C5D543-E4F7-4DFA-BE3E-4CCBE94B3AEF}.Debug|Win32.Build.0 = Debug|Win32
		{68C5D543-E4F7-4DFA-BE3E-4CCBE94B3AEF}.Release|Win32.ActiveCfg = Release|Win32
		{68C5D543-E4F7-4DFA-BE3E-4CCBE94B3AEF}.Release|Win32.Build.0 = Release|Win32
		{68C5D543-E4F7-4DFA-BE3E-4CCBE94B3AEF}.UnicodeDebug|Win32.ActiveCfg = Debug|Win32
		{68C5D543-E4F7-4DFA-BE3E-4CCBE94B3AEF}.UnicodeDebug|Win32.Build.0 = Debug|Win32
		{68C5D543-E4F7-4DFA-BE3E-4CCBE94B3AEF}.UnicodeRelease|Win32.ActiveCfg = Release|Win32
		{68C5D543-E4F7-4DFA-BE3E-4CCBE94B3AEF}.UnicodeRelease|Win32.Build.0 = Release|Win32
		{0F981E0A-2493-4716-9813-23113B43CDC9}.Debug|Win32.ActiveCfg = Debug|Win32
		{0F981E0A-2493-4716-9813-23113B43CDC9}.Debug|Win32.Build.0 = Debug|Win32
		{0F981E0A-2493-4716-9813-23113B43CDC9}.Release|Win32.ActiveCfg = Release|Win32
		{0F981E0A-2493-4716-9813-23113B43CDC9}.Release|Win32.Build.0 = Release|Win32
		{0F981E0A-2493-4716-9813-23113B43CDC9}.UnicodeDebug|Win32.ActiveCfg = Debug|Win32
		{0F981E0A-2493-4716-9813-23113B43CDC9}.UnicodeDebug|Win32.Build.0 = Debug|Win32
		{0F981E0A-2493-4716-9813-23113B43CDC9}.UnicodeRelease|Win32.ActiveCfg = Release|Win32
		{0F981E0A-2493-4716-9813-23113B43CDC9}.UnicodeRelease|Win32.Build.0 = Release|Win32
		{9E74EC96-B025-4F03-B7FA-6C414DC352CA}.Debug|Win32.ActiveCfg = Debug|Win32
		{9E74EC96-B025-4F03-B7FA-6C414DC352CA}.Debug|Win32.Build.0 = Debug|Win32
		{9E74EC96-B025-4F03-B7FA-6C414DC352CA}.Release|Win32.ActiveCfg = Release|Win32
		{9E74EC96-B025-4F03-B7FA-6C414DC352CA}.Release|Win32.Build.0 = Release|Win32
		{9E74EC96-B025-4F03-B7FA-6C414DC352CA}.UnicodeDebug|Win32.ActiveCfg = Debug|Win32
		{9E74EC96-B025-4F03-B7FA-6C414DC352CA}.UnicodeDebug|Win32.Build.0 = Debug|Win32
		{9E74EC96-B025-4F03-B7FA-6C414DC352CA}.UnicodeRelease|Win32.ActiveCfg = Release|Win32
		{9E74EC96-B025-4F03-B7FA-6C414DC352CA}.UnicodeRelease|Win32.Build.0 = Release|Win32
		{1F4E3692-CECD-429B-B3BD-3E227CD26837}.Debug|Win32.ActiveCfg = Debug|Win32
		{1F4E3692-CECD-429B-B3BD-3E227CD26837}.Debug|Win32.Build.0 = Debug|Win32
		{1F4E3692-CECD-429B-B3BD-3E227CD26837}.Release|Win32.ActiveCfg = Release|Win32
		{1F4E3692-CECD-429B-B3BD-3E227CD26837}.Release|Win32.Build.0 = Release|Win32
		{1F4E3692-CECD-429B-B3BD-3E227CD26837}.UnicodeDebug|Win32.ActiveCfg = Debug|Win32
		{1F4E3692-CECD-429B-B3BD-3E227CD26837}.UnicodeDebug|Win32.Build.0 = Debug|Win32
		{1F4E3692-CECD-429B-B3BD-3E227CD26837}.UnicodeRelease|Win32.ActiveCfg = Release|Win32
		{1F4E3692-CECD-429B-B3BD-3E227CD26837}.UnicodeRelease|Win32.Build.0 = Release|Win32
		{FEC804B3-4521-4848-A41A-3A09FAC6022F}.Debug|Win32.ActiveCfg = Debug|Win32
		{FEC804B3-4521-4848-A41A-3A09FAC6022F}.Debug|Win32.Build.0 = Debug|Win32
		{FEC804B3-4521-4848-A41A-3A09FAC6022F}.Release|Win32.ActiveCfg = Release|Win32
		{FEC804B3-4521-4848-A41A-3A09FAC6022F}.Release|Win32.Build.0 = Release|Win32
		{FEC804B3-4521-4848-A41A-3A09FAC6022F}.UnicodeDebug|Win32.ActiveCfg = Debug|Win32
		{FEC804B3-4521-4848-A41A-3A09FAC6022F}.UnicodeDebug|Win32.Build.0 = Debug|Win32
		{FEC804B3-4521-4848-A41A-3A09FAC6022F}.UnicodeRelease|Win32.ActiveCfg = Release|Win32
		{FEC804B3-4521-4848-A41A-3A09FAC6022F}.UnicodeRelease|Win32.Build.0 = Release|Win32
		{57E03AF8-64C5-4234-97B6-BC637FCC6C3A}.Debug|Win32.ActiveCfg = Debug|Win32
		{57E03AF8-64C5-4234-97B6-BC637FCC6C3A}.Debug|Win32.Build.0 = Debug|Win32
		{57E03AF8-64C5-4234-97B6-BC637FCC6C3A}.Release|Win32.ActiveCfg = Release|Win32
		{57E03AF8-64C5-4234-97B6-BC637FCC6C3A}.Release|Win32.Build.0 = Release|Win32
		{57E03AF8-64C5-4234-97B6-BC637FCC6C3A}.UnicodeDebug|Win32.ActiveCfg = Debug|Win32
		{57E03AF8-64C5-4234-97B6-BC637FCC6C3A}.UnicodeDebug|Win32.Build.0 = Debug|Win32
		{57E03AF8-64C5-4234-97B6-BC637FCC6C3A}.UnicodeRelease|Win32.ActiveCfg = Release|Win32
		{57E03AF8-64C5-4234-97B6-BC637FCC6C3A}.UnicodeRelease|Win32.Build.0 = Release|Win32
		{E106ACD7-4E53-4AEE-942B-D0DD426DB34E}.Debug|Win32.ActiveCfg = Debug|Win32
		{E106ACD7-4E53-4AEE-942B-D0DD426DB34E}.Debug|Win32.Build.0 = Debug|Win32
		{E106ACD7-4E53-4AEE-942B-D0DD426DB34E}.Release|Win32.ActiveCfg = Release|Win32
		{E106ACD7-4E53-4AEE-942B-D0DD426DB34E}.Release|Win32.Build.0 = Release|Win32
		{E106ACD7-4E53-4AEE-942B-D0DD426DB34E}.UnicodeDebug|Win32.ActiveCfg = UnicodeDebug|Win32
		{E106ACD7-4E53-4AEE-942B-D0DD426DB34E}.UnicodeDebug|Win32.Build.0 = UnicodeDebug|Win32
		{E106ACD7-4E53-4AEE-942B-D0DD426DB34E}.UnicodeRelease|Win32.ActiveCfg = UnicodeRelease|Win32
		{E106ACD7-4E53-4AEE-942B-D0DD426DB34E}.UnicodeRelease|Win32.Build.0 = UnicodeRelease|Win32
		{2D07F630-0966-45CC-93DF-C2B555D15A35}.Debug|Win32.ActiveCfg = Debug|Win32
		{2D07F630-0966-45CC-93DF-C2B555D15A35}.Debug|Win32.Build.0 = Debug|Win32
		{2D07F630-0966-45CC-93DF-C2B555D15A35}.Release|Win32.ActiveCfg = Release|Win32
		{2D07F630-0966-45CC-93DF-C2B555D15A35}.Release|Win32.Build.0 = Release|Win32
		{2D07F630-0966-45CC-93DF-C2B555D15A35}.UnicodeDebug|Win32.ActiveCfg = Debug|Win32
		{2D07F630-0966-45CC-93DF-C2B555D15A35}.UnicodeDebug|Win32.Build.0 = Debug|Win32
		{2D07F630-0966-45CC-93DF-C2B555D15A35}.UnicodeRelease|Win32.ActiveCfg = Release|Win32
		{2D07F630-0966-45CC-93DF-C2B555D15A35}.UnicodeRelease|Win32.Build.0 = Release|Win32
		{81A6016B-1AC7-401B-BF3A-FE66FF167232}.Debug|Win32.ActiveCfg = Debug|Win32
		{81A6016B-1AC7-401B-BF3A-FE66FF167232}.Debug|Win32.Build.0 = Debug|Win32
		{81A6016B-1AC7-401B-BF3A-FE66FF167232}.Release|Win32.ActiveCfg = Release|Win32
		{81A6016B-1AC7-401B-BF3A-FE66FF167232}.Release|Win32.Build.0 = Release|Win32
		{81A6016B-1AC7-401B-BF3A-FE66FF167232}.UnicodeDebug|Win32.ActiveCfg = Debug|Win32
		{81A6016B-1AC7-401B-BF3A-FE66FF167232}.UnicodeDebug|Win32.Build.0 = Debug|Win32
		{81A6016B-1AC7-401B-BF3A-FE66FF167232}.UnicodeRelease|Win32.ActiveCfg = Release|Win32
		{81A6016B-1AC7-401B-BF3A-FE66FF167232}.UnicodeRelease|Win32.Build.0 = Release|Win32
		{6DFFFA81-E320-46F6-888E-6F94A8A9C489}.Debug|Win32.ActiveCfg = Debug|Win32
		{6DFFFA81-E320-46F6-888E-6F94A8A9C489}.Debug|Win32.Build.0 = Debug|Win32
		{6DFFFA81-E320-46F6-888E-6F94A8A9C489}.Release|Win32.ActiveCfg = Release|Win32
		{6DFFFA81-E320-46F6-888E-6F94A8A9C489}.Release|Win32.Build.0 = Release|Win32
		{6DFFFA81-E320-46F6-888E-6F94A8A9C489}.UnicodeDebug|Win32.ActiveCfg = Debug|Win32
		{6DFFFA81-E320-46F6-888E-6F94A8A9C489}.UnicodeDebug|Win32.Build.0 = Debug|Win32
		{6DFFFA81-E320-46F6-888E-6F94A8A9C489}.UnicodeRelease|Win32.ActiveCfg = Release|Win32
		{6DFFFA81-E320-46F6-888E-6F94A8A9C489}.UnicodeRelease|Win32.Build.0 = Release|Win32
		{61CD5294-E9A3-4984-A0C5-DBD9B54CCE1B}.Debug|Win32.ActiveCfg = Debug|Win32
		{61CD5294-E9A3-4984-A0C5-DBD9B54CCE1B}.Debug|Win32.Build.0 = Debug|Win32
		{61CD5294-E9A3-4984-A0C5-DBD9B54CCE1B}.Release|Win32.ActiveCfg = Release|Win32
		{61CD5294-E9A3-4984-A0C5-DBD9B54CCE1B}.Release|Win32.Build.0 = Release|Win32
		{61CD5294-E9A3-4984-A0C5-DBD9B54CCE1B}.UnicodeDebug|Win32.ActiveCfg = Debug|Win32
		{61CD5294-E9A3-4984-A0C5-DBD9B54CCE1B}.UnicodeDebug|Win32.Build.0 = Debug|Win32
		{61CD5294-E9A3-4984-A0C5-DBD9B54CCE1B}.UnicodeRelease|Win32.ActiveCfg = Release|Win32
		{61CD5294-E9A3-4984-A0C5-DBD9B54CCE1B}.UnicodeRelease|Win32.Build.0 = Release|Win32
		{22F6A30E-D264-4C73-83E8-95E350913A4A}.Debug|Win32.ActiveCfg = Debug|Win32
		{22F6A30E-D264-4C73-83E8-95E350913A4A}.Debug|Win32.Build.0 = Debug|Win32
		{22F6A30E-D264-4C73-83E8-95E350913A4A}.Release|Win32.ActiveCfg = Release|Win32
		{22F6A30E-D264-4C73-83E8-95E350913A4A}.Release|Win32.Build.0 = Release|Win32
		{22F6A30E-D264-4C73-83E8-95E350913A4A}.UnicodeDebug|Win32.ActiveCfg = Debug|Win32
		{22F6A30E-D264-4C73-83E8-95E350913A4A}.UnicodeDebug|Win32.Build.0 = Debug|Win32
		{22F6A30E-D264-4C73-83E8-95E350913A4A}.UnicodeRelease|Win32.ActiveCfg = Release|Win32
		{22F6A30E-D264-4C73-83E8-95E350913A4A}.UnicodeRelease|Win32.Build.0 = Release|Win32
		{EE3283BF-59FA-45A6-B5E2-9CF9E6E35439}.Debug|Win32.ActiveCfg = Debug|Win32
		{EE3283BF-59FA-45A6-B5E2-9CF9E6E35439}.Debug|Win32.Build.0 = Debug|Win32
		{EE3283BF-59FA-45A6-B5E2-9CF9E6E35439}.Release|Win32.ActiveCfg = Release|Win32
		{EE3283BF-59FA-45A6-B5E2-9CF9E6E35439}.Release|Win32.Build.0 = Release|Win32
		{EE3283BF-59FA-45A6-B5E2-9CF9E6E35439}.UnicodeDebug|Win32.ActiveCfg = Debug|Win32
		{EE3283BF-59FA-45A6-B5E2-9CF9E6E35439}.UnicodeDebug|Win32.Build.0 = Debug|Win32
		{EE3283BF-59FA-45A6-B5E2-9CF9E6E35439}.UnicodeRelease|Win32.ActiveCfg = Release|Win32
		{EE3283BF-59FA-45A6-B5E2-9CF9E6E35439}.UnicodeRelease|Win32.Build.0 = Release|Win32
	EndGlobalSection
	GlobalSection(SolutionProperties) = preSolution
		HideSolutionNode = FALSE
	EndGlobalSection
	GlobalSection(NestedProjects) = preSolution
		{97571C7D-E080-4EAD-987A-BC9FB0C67F20} = {68DF2A8B-76DA-4CBC-9A53-9BA74E4B0779}
		{68C5D543-E4F7-4DFA-BE3E-4CCBE94B3AEF} = {68DF2A8B-76DA-4CBC-9A53-9BA74E4B0779}
		{0F981E0A-2493-4716-9813-23113B43CDC9} = {68DF2A8B-76DA-4CBC-9A53-9BA74E4B0779}
		{9E74EC96-B025-4F03-B7FA-6C414DC352CA} = {68DF2A8B-76DA-4CBC-9A53-9BA74E4B0779}
		{1F4E3692-CECD-429B-B3BD-3E227CD26837} = {68DF2A8B-76DA-4CBC-9A53-9BA74E4B0779}
		{FEC804B3-4521-4848-A41A-3A09FAC6022F} = {68DF2A8B-76DA-4CBC-9A53-9BA74E4B0779}
		{57E03AF8-64C5-4234-97B6-BC637FCC6C3A} = {68DF2A8B-76DA-4CBC-9A53-9BA74E4B0779}
		{47D029D5-DD10-4BAD-84EE-C0C74B587B67} = {68DF2A8B-76DA-4CBC-9A53-9BA74E4B0779}
		{6DFFFA81-E320-46F6-888E-6F94A8A9C489} = {68DF2A8B-76DA-4CBC-9A53-9BA74E4B0779}
		{094D121B-28D9-4CFB-B18B-FA0BCA71409A} = {3F38F1F7-B014-4B32-BFA2-E0890B98FCB4}
		{8F300589-804D-3838-166A-5FA9A636AB63} = {3F38F1F7-B014-4B32-BFA2-E0890B98FCB4}
		{E106ACD7-4E53-4AEE-942B-D0DD426DB34E} = {3F38F1F7-B014-4B32-BFA2-E0890B98FCB4}
		{3B89532F-2E02-44F7-B250-42746B077A4E} = {3F38F1F7-B014-4B32-BFA2-E0890B98FCB4}
		{2D07F630-0966-45CC-93DF-C2B555D15A35} = {2167A515-14DE-437B-9711-FFD44195EEBF}
		{81A6016B-1AC7-401B-BF3A-FE66FF167232} = {2167A515-14DE-437B-9711-FFD44195EEBF}
		{61CD5294-E9A3-4984-A0C5-DBD9B54CCE1B} = {2167A515-14DE-437B-9711-FFD44195EEBF}
		{22F6A30E-D264-4C73-83E8-95E350913A4A} = {2167A515-14DE-437B-9711-FFD44195EEBF}
		{EE3283BF-59FA-45A6-B5E2-9CF9E6E35439} = {2167A515-14DE-437B-9711-FFD44195EEBF}
	EndGlobalSection
EndGlobal
