<?xml version="1.0" encoding="utf-8"?>
<Project ToolsVersion="4.0" xmlns="http://schemas.microsoft.com/developer/msbuild/2003">
  <ItemGroup>
    <Filter Include="源文件">
      <UniqueIdentifier>{4FC737F1-C7A5-4376-A066-2A32D752A2FF}</UniqueIdentifier>
      <Extensions>cpp;c;cc;cxx;def;odl;idl;hpj;bat;asm;asmx</Extensions>
    </Filter>
    <Filter Include="头文件">
      <UniqueIdentifier>{93995380-89BD-4b04-88EB-625FBE52EBFB}</UniqueIdentifier>
      <Extensions>h;hpp;hxx;hm;inl;inc;xsd</Extensions>
    </Filter>
    <Filter Include="资源文件">
      <UniqueIdentifier>{67DA6AB6-F800-4c08-8B7A-83BB121AAD01}</UniqueIdentifier>
      <Extensions>rc;ico;cur;bmp;dlg;rc2;rct;bin;rgs;gif;jpg;jpeg;jpe;resx;tiff;tif;png;wav;mfcribbon-ms</Extensions>
    </Filter>
  </ItemGroup>
  <ItemGroup>
    <None Include="ReadMe.txt" />
  </ItemGroup>
  <ItemGroup>
    <ClInclude Include="stdafx.h">
      <Filter>头文件</Filter>
    </ClInclude>
    <ClInclude Include="targetver.h">
      <Filter>头文件</Filter>
    </ClInclude>
    <ClInclude Include="find_tool_test.h">
      <Filter>头文件</Filter>
    </ClInclude>
    <ClInclude Include="faststring_test.h">
      <Filter>头文件</Filter>
    </ClInclude>
    <ClInclude Include="object_resuer_test.h">
      <Filter>头文件</Filter>
    </ClInclude>
    <ClInclude Include="mem_string_test.h">
      <Filter>头文件</Filter>
    </ClInclude>
    <ClInclude Include="nocopyable_test.h">
      <Filter>头文件</Filter>
    </ClInclude>
    <ClInclude Include="mem_buffer_test.h">
      <Filter>头文件</Filter>
    </ClInclude>
    <ClInclude Include="private_heap_test.h">
      <Filter>头文件</Filter>
    </ClInclude>
    <ClInclude Include="mem_list_test.h">
      <Filter>头文件</Filter>
    </ClInclude>
    <ClInclude Include="array_template_test.h">
      <Filter>头文件</Filter>
    </ClInclude>
    <ClInclude Include="strutil_test.h">
      <Filter>头文件</Filter>
    </ClInclude>
    <ClInclude Include="queue_test.h">
      <Filter>头文件</Filter>
    </ClInclude>
    <ClInclude Include="aspect_test.h">
      <Filter>头文件</Filter>
    </ClInclude>
    <ClInclude Include="timer_test.h">
      <Filter>头文件</Filter>
    </ClInclude>
    <ClInclude Include="trie_test.h">
      <Filter>头文件</Filter>
    </ClInclude>
    <ClInclude Include="factory_test.h">
      <Filter>头文件</Filter>
    </ClInclude>
    <ClInclude Include="qsort_test.h">
      <Filter>头文件</Filter>
    </ClInclude>
    <ClInclude Include="kmp_test.h">
      <Filter>头文件</Filter>
    </ClInclude>
    <ClInclude Include="bitmap_test.h">
      <Filter>头文件</Filter>
    </ClInclude>
    <ClInclude Include="bloom_test.h">
      <Filter>头文件</Filter>
    </ClInclude>
    <ClInclude Include="stream_test.h">
      <Filter>头文件</Filter>
    </ClInclude>
    <ClInclude Include="actor_test.h">
      <Filter>头文件</Filter>
    </ClInclude>
    <ClInclude Include="active_object_test.h">
      <Filter>头文件</Filter>
    </ClInclude>
    <ClInclude Include="cat_str_macro_test.h">
      <Filter>头文件</Filter>
    </ClInclude>
    <ClInclude Include="must_have_base_test.h">
      <Filter>头文件</Filter>
    </ClInclude>
    <ClInclude Include="redirect_std_out_test.h">
      <Filter>头文件</Filter>
    </ClInclude>
  </ItemGroup>
  <ItemGroup>
    <ClCompile Include="stdafx.cpp">
      <Filter>源文件</Filter>
    </ClCompile>
    <ClCompile Include="ut.cpp">
      <Filter>源文件</Filter>
    </ClCompile>
  </ItemGroup>
</Project>