<?xml version="1.0" encoding="utf-8"?>
<Project ToolsVersion="4.0" xmlns="http://schemas.microsoft.com/developer/msbuild/2003">
  <ItemGroup>
    <Filter Include="源文件">
      <UniqueIdentifier>{4FC737F1-C7A5-4376-A066-2A32D752A2FF}</UniqueIdentifier>
      <Extensions>cpp;c;cc;cxx;def;odl;idl;hpj;bat;asm;asmx</Extensions>
    </Filter>
    <Filter Include="头文件">
      <UniqueIdentifier>{93995380-89BD-4b04-88EB-625FBE52EBFB}</UniqueIdentifier>
      <Extensions>h;hpp;hxx;hm;inl;inc;xsd</Extensions>
    </Filter>
    <Filter Include="资源文件">
      <UniqueIdentifier>{67DA6AB6-F800-4c08-8B7A-83BB121AAD01}</UniqueIdentifier>
      <Extensions>rc;ico;cur;bmp;dlg;rc2;rct;bin;rgs;gif;jpg;jpeg;jpe;resx;tiff;tif;png;wav;mfcribbon-ms</Extensions>
    </Filter>
    <Filter Include="http">
      <UniqueIdentifier>{ea1c4f1a-650b-4b91-9852-1d0c15713d22}</UniqueIdentifier>
    </Filter>
    <Filter Include="algo">
      <UniqueIdentifier>{92329e06-efa7-41c1-82cb-813ed89cc978}</UniqueIdentifier>
    </Filter>
    <Filter Include="pattern">
      <UniqueIdentifier>{a298111b-0989-451d-9388-e709304dfb43}</UniqueIdentifier>
    </Filter>
    <Filter Include="encode">
      <UniqueIdentifier>{72e702b5-9c2a-44b6-9fbe-a64681e7b406}</UniqueIdentifier>
    </Filter>
    <Filter Include="util">
      <UniqueIdentifier>{cbba5bd3-0479-4949-badd-5db59bd7d8cb}</UniqueIdentifier>
    </Filter>
    <Filter Include="system">
      <UniqueIdentifier>{090d81a9-4713-44d8-bd49-d098c66d335e}</UniqueIdentifier>
    </Filter>
    <Filter Include="mem">
      <UniqueIdentifier>{f0057b60-3df8-4d9c-9e08-89a21da06f8d}</UniqueIdentifier>
    </Filter>
    <Filter Include="search">
      <UniqueIdentifier>{2dfaec87-012b-47bb-ae67-3d3e16155919}</UniqueIdentifier>
    </Filter>
    <Filter Include="rdebug">
      <UniqueIdentifier>{e1d0d76b-e5f6-4a33-8a0e-f6ea8e5bf865}</UniqueIdentifier>
    </Filter>
    <Filter Include="net">
      <UniqueIdentifier>{be657f7b-665f-4d99-b9f0-e798b75866a8}</UniqueIdentifier>
    </Filter>
  </ItemGroup>
  <ItemGroup>
    <None Include="ReadMe.txt" />
    <None Include="..\core\encrypt\MD4_asm.asm">
      <Filter>源文件</Filter>
    </None>
  </ItemGroup>
  <ItemGroup>
    <ClInclude Include="..\core\core\app_instance.h">
      <Filter>头文件</Filter>
    </ClInclude>
    <ClInclude Include="..\core\core\array.h">
      <Filter>头文件</Filter>
    </ClInclude>
    <ClInclude Include="..\core\core\PidAndPort.h">
      <Filter>头文件</Filter>
    </ClInclude>
    <ClInclude Include="..\core\core\private_heap.h">
      <Filter>头文件</Filter>
    </ClInclude>
    <ClInclude Include="..\core\core\singleton.h">
      <Filter>头文件</Filter>
    </ClInclude>
    <ClInclude Include="..\core\algo\search.h">
      <Filter>头文件</Filter>
    </ClInclude>
    <ClInclude Include="..\core\algo\sort.h">
      <Filter>头文件</Filter>
    </ClInclude>
    <ClInclude Include="..\core\algo\sunday.h">
      <Filter>头文件</Filter>
    </ClInclude>
    <ClInclude Include="..\core\db\CppSQLite3.h">
      <Filter>头文件</Filter>
    </ClInclude>
    <ClInclude Include="..\core\encrypt\MD4.h">
      <Filter>头文件</Filter>
    </ClInclude>
    <ClInclude Include="..\core\encrypt\MD5.h">
      <Filter>头文件</Filter>
    </ClInclude>
    <ClInclude Include="..\core\encrypt\md5_class.h">
      <Filter>头文件</Filter>
    </ClInclude>
    <ClInclude Include="..\core\encrypt\md5_single.h">
      <Filter>头文件</Filter>
    </ClInclude>
    <ClInclude Include="..\core\encrypt\rc4_single.h">
      <Filter>头文件</Filter>
    </ClInclude>
    <ClInclude Include="..\core\encrypt\sha1_single.h">
      <Filter>头文件</Filter>
    </ClInclude>
    <ClInclude Include="..\core\encrypt\urlencode.h">
      <Filter>头文件</Filter>
    </ClInclude>
    <ClInclude Include="..\core\net\bytebuyffer.h">
      <Filter>头文件</Filter>
    </ClInclude>
    <ClInclude Include="..\core\net\proto_def.h">
      <Filter>头文件</Filter>
    </ClInclude>
    <ClInclude Include="..\core\comp\calendar\calendar.h">
      <Filter>头文件</Filter>
    </ClInclude>
    <ClInclude Include="..\core\net\CheckNat.h">
      <Filter>头文件</Filter>
    </ClInclude>
    <ClInclude Include="..\core\algo\trie.h">
      <Filter>头文件</Filter>
    </ClInclude>
    <ClInclude Include="..\core\core\scope_guard.h">
      <Filter>头文件</Filter>
    </ClInclude>
    <ClInclude Include="..\core\pattern\factory.h">
      <Filter>头文件</Filter>
    </ClInclude>
    <ClInclude Include="..\core\pattern\sync_invoke.h">
      <Filter>头文件</Filter>
    </ClInclude>
    <ClInclude Include="..\core\core\task_mgr.h">
      <Filter>头文件</Filter>
    </ClInclude>
    <ClInclude Include="..\core\core\code_convert.h">
      <Filter>头文件</Filter>
    </ClInclude>
    <ClInclude Include="..\core\core\ini_file.h">
      <Filter>头文件</Filter>
    </ClInclude>
    <ClInclude Include="..\core\core\process_enumer.h">
      <Filter>头文件</Filter>
    </ClInclude>
    <ClInclude Include="..\core\core\process_helper.h">
      <Filter>头文件</Filter>
    </ClInclude>
    <ClInclude Include="..\core\core\kdetect_leakk.h">
      <Filter>头文件</Filter>
    </ClInclude>
    <ClInclude Include="..\core\algo\str_algo.h">
      <Filter>头文件</Filter>
    </ClInclude>
    <ClInclude Include="..\core\net\tcp_socket.h">
      <Filter>头文件</Filter>
    </ClInclude>
    <ClInclude Include="..\core\net\udp_client.h">
      <Filter>头文件</Filter>
    </ClInclude>
    <ClInclude Include="..\core\net\udp_socket.h">
      <Filter>头文件</Filter>
    </ClInclude>
    <ClInclude Include="..\core\algo\text_search.h">
      <Filter>头文件</Filter>
    </ClInclude>
    <ClInclude Include="..\core\net\IP_V4.h">
      <Filter>头文件</Filter>
    </ClInclude>
    <ClInclude Include="..\core\algo\find_tool.h">
      <Filter>头文件</Filter>
    </ClInclude>
    <ClInclude Include="..\core\net\wininet_httpclient.h">
      <Filter>头文件</Filter>
    </ClInclude>
    <ClInclude Include="..\core\kthread\auto_lock.h">
      <Filter>头文件</Filter>
    </ClInclude>
    <ClInclude Include="..\core\kthread\event.h">
      <Filter>头文件</Filter>
    </ClInclude>
    <ClInclude Include="..\core\kthread\ReadWriteSection.h">
      <Filter>头文件</Filter>
    </ClInclude>
    <ClInclude Include="..\core\kthread\thread.h">
      <Filter>头文件</Filter>
    </ClInclude>
    <ClInclude Include="..\core\kthread\threadpool.h">
      <Filter>头文件</Filter>
    </ClInclude>
    <ClInclude Include="..\core\util\strutil.h">
      <Filter>头文件</Filter>
    </ClInclude>
    <ClInclude Include="..\core\algo\string_hash.h">
      <Filter>头文件</Filter>
    </ClInclude>
    <ClInclude Include="..\core\klib.h">
      <Filter>头文件</Filter>
    </ClInclude>
    <ClInclude Include="..\core\core\seqnumber.h">
      <Filter>头文件</Filter>
    </ClInclude>
    <ClInclude Include="..\core\io\stream.h">
      <Filter>头文件</Filter>
    </ClInclude>
    <ClInclude Include="..\core\util\atom.h">
      <Filter>头文件</Filter>
    </ClInclude>
    <ClInclude Include="..\core\algo\lps.h">
      <Filter>头文件</Filter>
    </ClInclude>
    <ClInclude Include="..\core\algo\many_many_queue.h">
      <Filter>头文件</Filter>
    </ClInclude>
    <ClInclude Include="..\core\algo\one_many_queue.h">
      <Filter>头文件</Filter>
    </ClInclude>
    <ClInclude Include="..\core\algo\qsort.h">
      <Filter>头文件</Filter>
    </ClInclude>
    <ClInclude Include="..\core\debuglog.h">
      <Filter>头文件</Filter>
    </ClInclude>
    <ClInclude Include="..\core\inttype.h">
      <Filter>头文件</Filter>
    </ClInclude>
    <ClInclude Include="..\core\istddef.h">
      <Filter>头文件</Filter>
    </ClInclude>
    <ClInclude Include="..\core\macro.h">
      <Filter>头文件</Filter>
    </ClInclude>
    <ClInclude Include="..\core\io\path.h">
      <Filter>头文件</Filter>
    </ClInclude>
    <ClInclude Include="..\core\core\datetime.h">
      <Filter>头文件</Filter>
    </ClInclude>
    <ClInclude Include="..\core\pattern\object_pool.h">
      <Filter>头文件</Filter>
    </ClInclude>
    <ClInclude Include="..\core\pattern\object_reuser.h">
      <Filter>头文件</Filter>
    </ClInclude>
    <ClInclude Include="..\core\kthread\win_mutex.h">
      <Filter>头文件</Filter>
    </ClInclude>
    <ClInclude Include="..\core\util\timeout_checker.h">
      <Filter>头文件</Filter>
    </ClInclude>
    <ClInclude Include="..\core\core\timer_mgr.h">
      <Filter>头文件</Filter>
    </ClInclude>
    <ClInclude Include="..\core\sys\sys.h">
      <Filter>头文件</Filter>
    </ClInclude>
    <ClInclude Include="..\core\sys\cpu.h">
      <Filter>头文件</Filter>
    </ClInclude>
    <ClInclude Include="..\core\io\file.h">
      <Filter>头文件</Filter>
    </ClInclude>
    <ClInclude Include="..\core\core\api_fetcher.h">
      <Filter>头文件</Filter>
    </ClInclude>
    <ClInclude Include="..\core\util\shell_link.h">
      <Filter>头文件</Filter>
    </ClInclude>
    <ClInclude Include="..\core\ui\window.h">
      <Filter>头文件</Filter>
    </ClInclude>
    <ClInclude Include="..\core\net\proto\net_archive.h">
      <Filter>头文件</Filter>
    </ClInclude>
    <ClInclude Include="..\core\net\proto\command_header.h">
      <Filter>头文件</Filter>
    </ClInclude>
    <ClInclude Include="..\core\net\proto\local_archive.h">
      <Filter>头文件</Filter>
    </ClInclude>
    <ClInclude Include="..\core\pattern\qmem_pool.h">
      <Filter>头文件</Filter>
    </ClInclude>
    <ClInclude Include="..\core\algo\wildcmp.h">
      <Filter>头文件</Filter>
    </ClInclude>
    <ClInclude Include="..\core\core\share_memory.h">
      <Filter>头文件</Filter>
    </ClInclude>
    <ClInclude Include="..\core\core\mini_dumper.h">
      <Filter>头文件</Filter>
    </ClInclude>
    <ClInclude Include="..\core\util\convert.h">
      <Filter>头文件</Filter>
    </ClInclude>
    <ClInclude Include="..\core\pattern\actor.h">
      <Filter>头文件</Filter>
    </ClInclude>
    <ClInclude Include="..\core\net\winsock_init.h">
      <Filter>头文件</Filter>
    </ClInclude>
    <ClInclude Include="..\core\net\udp_server.h">
      <Filter>头文件</Filter>
    </ClInclude>
    <ClInclude Include="..\core\kthread\rw_semaphore.h">
      <Filter>头文件</Filter>
    </ClInclude>
    <ClInclude Include="..\core\kthread\semaphore.h">
      <Filter>头文件</Filter>
    </ClInclude>
    <ClInclude Include="..\core\rdebug\logger.h">
      <Filter>头文件</Filter>
    </ClInclude>
    <ClInclude Include="..\core\util\perf_tool.h">
      <Filter>头文件</Filter>
    </ClInclude>
    <ClInclude Include="..\core\rdebug\log_helper.h">
      <Filter>头文件</Filter>
    </ClInclude>
    <ClInclude Include="..\core\rdebug\tracer.h">
      <Filter>头文件</Filter>
    </ClInclude>
    <ClInclude Include="..\core\rdebug\thread_moniter.h">
      <Filter>头文件</Filter>
    </ClInclude>
    <ClInclude Include="..\core\pattern\ringbuffer.h">
      <Filter>头文件</Filter>
    </ClInclude>
    <ClInclude Include="..\core\core\uuid.h">
      <Filter>头文件</Filter>
    </ClInclude>
    <ClInclude Include="..\core\net\http\http.h">
      <Filter>http</Filter>
    </ClInclude>
    <ClInclude Include="..\core\net\http_down.h">
      <Filter>http</Filter>
    </ClInclude>
    <ClInclude Include="..\core\algo\search\ac_wrapper.h">
      <Filter>search</Filter>
    </ClInclude>
    <ClInclude Include="..\core\algo\bloom.h">
      <Filter>algo</Filter>
    </ClInclude>
    <ClInclude Include="..\core\algo\bitmap.h">
      <Filter>algo</Filter>
    </ClInclude>
    <ClInclude Include="..\core\encrypt\base64.h">
      <Filter>encode</Filter>
    </ClInclude>
    <ClInclude Include="..\core\pattern\aspect.h">
      <Filter>pattern</Filter>
    </ClInclude>
    <ClInclude Include="..\core\encrypt\crc23.h">
      <Filter>encode</Filter>
    </ClInclude>
    <ClInclude Include="..\core\encrypt\des_single.h">
      <Filter>encode</Filter>
    </ClInclude>
    <ClInclude Include="..\core\encrypt\crc_single.h">
      <Filter>encode</Filter>
    </ClInclude>
    <ClInclude Include="..\core\encrypt\crc_func.h">
      <Filter>encode</Filter>
    </ClInclude>
    <ClInclude Include="..\core\algo\common_substr.h">
      <Filter>algo</Filter>
    </ClInclude>
    <ClInclude Include="..\core\pattern\fsm.h">
      <Filter>pattern</Filter>
    </ClInclude>
    <ClInclude Include="..\core\algo\ld.h">
      <Filter>algo</Filter>
    </ClInclude>
    <ClInclude Include="..\core\util\buffer_reader.h">
      <Filter>pattern</Filter>
    </ClInclude>
    <ClInclude Include="..\core\core\fast_string.h">
      <Filter>pattern</Filter>
    </ClInclude>
    <ClInclude Include="..\core\core\lock_stl.h">
      <Filter>pattern</Filter>
    </ClInclude>
    <ClInclude Include="..\core\util\rand_str.h">
      <Filter>util</Filter>
    </ClInclude>
    <ClInclude Include="..\core\sys\system_info.h">
      <Filter>system</Filter>
    </ClInclude>
    <ClInclude Include="..\core\util\xini.h">
      <Filter>util</Filter>
    </ClInclude>
    <ClInclude Include="..\core\algo\search\wm_wrapper.h">
      <Filter>search</Filter>
    </ClInclude>
    <ClInclude Include="..\core\mem\circular_buffer.h">
      <Filter>mem</Filter>
    </ClInclude>
    <ClInclude Include="..\core\mem\lock_stl.h">
      <Filter>mem</Filter>
    </ClInclude>
    <ClInclude Include="..\core\mem\mem_buffer.h">
      <Filter>mem</Filter>
    </ClInclude>
    <ClInclude Include="..\core\mem\mem_list.h">
      <Filter>mem</Filter>
    </ClInclude>
    <ClInclude Include="..\core\mem\mem_string.h">
      <Filter>mem</Filter>
    </ClInclude>
    <ClInclude Include="..\core\mem\small_string.h">
      <Filter>mem</Filter>
    </ClInclude>
    <ClInclude Include="..\core\pattern\act_list.h">
      <Filter>pattern</Filter>
    </ClInclude>
    <ClInclude Include="..\core\pattern\active_object.h">
      <Filter>pattern</Filter>
    </ClInclude>
    <ClInclude Include="..\core\pattern\fix_circle_buff.h">
      <Filter>pattern</Filter>
    </ClInclude>
    <ClInclude Include="..\core\pattern\lock_stl.h">
      <Filter>pattern</Filter>
    </ClInclude>
    <ClInclude Include="..\core\pattern\many_many_queue.h">
      <Filter>pattern</Filter>
    </ClInclude>
    <ClInclude Include="..\core\pattern\multi_buffer_queue.h">
      <Filter>pattern</Filter>
    </ClInclude>
    <ClInclude Include="..\core\pattern\one_many_queue.h">
      <Filter>pattern</Filter>
    </ClInclude>
    <ClInclude Include="..\core\pattern\ptr_list.h">
      <Filter>pattern</Filter>
    </ClInclude>
    <ClInclude Include="..\core\pattern\retry_list.h">
      <Filter>pattern</Filter>
    </ClInclude>
    <ClInclude Include="..\core\pattern\thread_mem_pool.h">
      <Filter>pattern</Filter>
    </ClInclude>
    <ClInclude Include="..\core\algo\search\find_tool.h">
      <Filter>search</Filter>
    </ClInclude>
    <ClInclude Include="..\core\algo\search\search.h">
      <Filter>search</Filter>
    </ClInclude>
    <ClInclude Include="..\core\algo\search\str_algo.h">
      <Filter>search</Filter>
    </ClInclude>
    <ClInclude Include="..\core\algo\search\sunday.h">
      <Filter>search</Filter>
    </ClInclude>
    <ClInclude Include="..\core\algo\search\text_search.h">
      <Filter>search</Filter>
    </ClInclude>
    <ClInclude Include="..\core\algo\search\wildcmp.h">
      <Filter>search</Filter>
    </ClInclude>
    <ClInclude Include="..\core\algo\bm_wrapper.h">
      <Filter>search</Filter>
    </ClInclude>
    <ClInclude Include="..\core\algo\search\kmp.h">
      <Filter>search</Filter>
    </ClInclude>
    <ClInclude Include="..\core\algo\search\fnmatch.h">
      <Filter>search</Filter>
    </ClInclude>
    <ClInclude Include="..\core\util\rand_val.h">
      <Filter>util</Filter>
    </ClInclude>
    <ClInclude Include="..\core\net\addr_helper.h">
      <Filter>net</Filter>
    </ClInclude>
    <ClInclude Include="..\core\net\addr_resolver.h">
      <Filter>net</Filter>
    </ClInclude>
    <ClInclude Include="..\core\util\supper_string.h">
      <Filter>util</Filter>
    </ClInclude>
  </ItemGroup>
  <ItemGroup>
    <ClCompile Include="..\core\db\CppSQLite3.cpp">
      <Filter>源文件</Filter>
    </ClCompile>
    <ClCompile Include="..\core\encrypt\MD4.cpp">
      <Filter>源文件</Filter>
    </ClCompile>
    <ClCompile Include="..\core\encrypt\MD5.cpp">
      <Filter>源文件</Filter>
    </ClCompile>
    <ClCompile Include="..\core\encrypt\md5_class.cpp">
      <Filter>源文件</Filter>
    </ClCompile>
    <ClCompile Include="..\core\comp\calendar\calendar.cpp">
      <Filter>源文件</Filter>
    </ClCompile>
    <ClCompile Include="..\core\net\CheckNat.cpp">
      <Filter>源文件</Filter>
    </ClCompile>
    <ClCompile Include="..\core\algo\trie.cpp">
      <Filter>源文件</Filter>
    </ClCompile>
    <ClCompile Include="..\core\pattern\sync_invoke.cpp">
      <Filter>源文件</Filter>
    </ClCompile>
    <ClCompile Include="..\core\core\task_mgr.cpp">
      <Filter>源文件</Filter>
    </ClCompile>
    <ClCompile Include="..\core\core\code_convert.cpp">
      <Filter>源文件</Filter>
    </ClCompile>
    <ClCompile Include="..\core\core\ini_file.cpp">
      <Filter>源文件</Filter>
    </ClCompile>
    <ClCompile Include="..\core\core\process_enumer.cpp">
      <Filter>源文件</Filter>
    </ClCompile>
    <ClCompile Include="..\core\core\process_helper.cpp">
      <Filter>源文件</Filter>
    </ClCompile>
    <ClCompile Include="..\core\encrypt\base64.cpp">
      <Filter>源文件</Filter>
    </ClCompile>
    <ClCompile Include="..\core\net\tcp_socket.cpp">
      <Filter>源文件</Filter>
    </ClCompile>
    <ClCompile Include="..\core\net\udp_client.cpp">
      <Filter>源文件</Filter>
    </ClCompile>
    <ClCompile Include="..\core\net\udp_socket.cpp">
      <Filter>源文件</Filter>
    </ClCompile>
    <ClCompile Include="..\core\net\wininet_httpclient.cpp">
      <Filter>源文件</Filter>
    </ClCompile>
    <ClCompile Include="..\core\util\strutil.cpp">
      <Filter>源文件</Filter>
    </ClCompile>
    <ClCompile Include="..\core\algo\bitmap.cpp">
      <Filter>源文件</Filter>
    </ClCompile>
    <ClCompile Include="..\core\algo\bloom.cpp">
      <Filter>源文件</Filter>
    </ClCompile>
    <ClCompile Include="..\core\algo\string_hash.cpp">
      <Filter>源文件</Filter>
    </ClCompile>
    <ClCompile Include="..\core\io\stream.cpp">
      <Filter>源文件</Filter>
    </ClCompile>
    <ClCompile Include="..\core\io\path.cpp">
      <Filter>源文件</Filter>
    </ClCompile>
    <ClCompile Include="..\core\core\datetime.cpp">
      <Filter>源文件</Filter>
    </ClCompile>
    <ClCompile Include="..\core\kthread\win_mutex.cpp">
      <Filter>源文件</Filter>
    </ClCompile>
    <ClCompile Include="..\core\util\buffer_reader.cpp">
      <Filter>源文件</Filter>
    </ClCompile>
    <ClCompile Include="..\core\core\timer_mgr.cpp">
      <Filter>源文件</Filter>
    </ClCompile>
    <ClCompile Include="..\core\sys\sys.cpp">
      <Filter>源文件</Filter>
    </ClCompile>
    <ClCompile Include="..\core\sys\cpu.cpp">
      <Filter>源文件</Filter>
    </ClCompile>
    <ClCompile Include="..\core\encrypt\crc23.cpp">
      <Filter>源文件</Filter>
    </ClCompile>
    <ClCompile Include="..\core\io\file.cpp">
      <Filter>源文件</Filter>
    </ClCompile>
    <ClCompile Include="..\core\util\shell_link.cpp">
      <Filter>源文件</Filter>
    </ClCompile>
    <ClCompile Include="..\core\ui\window.cpp">
      <Filter>源文件</Filter>
    </ClCompile>
    <ClCompile Include="..\core\core\mini_dumper.cpp">
      <Filter>源文件</Filter>
    </ClCompile>
    <ClCompile Include="..\core\pattern\actor.cpp">
      <Filter>源文件</Filter>
    </ClCompile>
    <ClCompile Include="..\core\net\udp_server.cpp">
      <Filter>源文件</Filter>
    </ClCompile>
    <ClCompile Include="..\core\kthread\rw_emaphore.cpp">
      <Filter>源文件</Filter>
    </ClCompile>
    <ClCompile Include="..\core\kthread\semaphore.cpp">
      <Filter>源文件</Filter>
    </ClCompile>
    <ClCompile Include="..\core\kthread\kthreadpool.cpp">
      <Filter>源文件</Filter>
    </ClCompile>
    <ClCompile Include="..\core\rdebug\ensure.cpp">
      <Filter>源文件</Filter>
    </ClCompile>
    <ClCompile Include="..\core\rdebug\logger.cpp">
      <Filter>源文件</Filter>
    </ClCompile>
    <ClCompile Include="..\core\rdebug\log_helper.cpp">
      <Filter>源文件</Filter>
    </ClCompile>
    <ClCompile Include="..\core\util\perf_tool.cpp">
      <Filter>源文件</Filter>
    </ClCompile>
    <ClCompile Include="..\core\rdebug\tracer.cpp">
      <Filter>源文件</Filter>
    </ClCompile>
    <ClCompile Include="..\core\rdebug\thread_moniter.cpp">
      <Filter>源文件</Filter>
    </ClCompile>
    <ClCompile Include="..\core\core\uuid.cpp">
      <Filter>源文件</Filter>
    </ClCompile>
    <ClCompile Include="..\core\net\http\http.cpp">
      <Filter>http</Filter>
    </ClCompile>
    <ClCompile Include="..\core\net\http_down.cpp">
      <Filter>http</Filter>
    </ClCompile>
    <ClCompile Include="..\core\algo\search\ac_wrapper.cpp">
      <Filter>search</Filter>
    </ClCompile>
    <ClCompile Include="..\core\util\rand_str.cpp">
      <Filter>util</Filter>
    </ClCompile>
    <ClCompile Include="..\core\sys\system_info.cpp">
      <Filter>system</Filter>
    </ClCompile>
    <ClCompile Include="..\core\util\xini.cpp">
      <Filter>util</Filter>
    </ClCompile>
    <ClCompile Include="..\core\algo\search\wm_wrapper.cpp">
      <Filter>search</Filter>
    </ClCompile>
    <ClCompile Include="..\core\pattern\act_list.cpp">
      <Filter>pattern</Filter>
    </ClCompile>
    <ClCompile Include="..\core\pattern\many_many_queue.cpp">
      <Filter>pattern</Filter>
    </ClCompile>
    <ClCompile Include="..\core\pattern\thread_mem_pool.cpp">
      <Filter>pattern</Filter>
    </ClCompile>
    <ClCompile Include="..\core\algo\search\sunday.cpp">
      <Filter>search</Filter>
    </ClCompile>
    <ClCompile Include="..\core\algo\search\fnmatch.cpp">
      <Filter>search</Filter>
    </ClCompile>
    <ClCompile Include="..\core\util\rand_val.cpp">
      <Filter>util</Filter>
    </ClCompile>
    <ClCompile Include="..\core\mem\share_memory.cpp">
      <Filter>mem</Filter>
    </ClCompile>
    <ClCompile Include="..\core\net\addr_helper.cpp">
      <Filter>net</Filter>
    </ClCompile>
    <ClCompile Include="..\core\net\addr_resolver.cpp">
      <Filter>net</Filter>
    </ClCompile>
    <ClCompile Include="..\core\util\supper_string.cpp">
      <Filter>util</Filter>
    </ClCompile>
  </ItemGroup>
</Project>