
Microsoft Visual Studio Solution File, Format Version 9.00
# Visual Studio 2005
Project("{8BC9CEB8-8B4A-11D0-8D11-00A0C91BC942}") = "binary_tree", "binary_tree\binary_tree.vcproj", "{5235F73F-82B7-467F-85CC-0E844B4CA7A0}"
EndProject
Global
	GlobalSection(SolutionConfigurationPlatforms) = preSolution
		Debug|Win32 = Debug|Win32
		Release|Win32 = Release|Win32
	EndGlobalSection
	GlobalSection(ProjectConfigurationPlatforms) = postSolution
		{5235F73F-82B7-467F-85CC-0E844B4CA7A0}.Debug|Win32.ActiveCfg = Debug|Win32
		{5235F73F-82B7-467F-85CC-0E844B4CA7A0}.Debug|Win32.Build.0 = Debug|Win32
		{5235F73F-82B7-467F-85CC-0E844B4CA7A0}.Release|Win32.ActiveCfg = Release|Win32
		{5235F73F-82B7-467F-85CC-0E844B4CA7A0}.Release|Win32.Build.0 = Release|Win32
	EndGlobalSection
	GlobalSection(SolutionProperties) = preSolution
		HideSolutionNode = FALSE
	EndGlobalSection
EndGlobal
