
Microsoft Visual Studio Solution File, Format Version 9.00
# Visual Studio 2005
Project("{8BC9CEB8-8B4A-11D0-8D11-00A0C91BC942}") = "bstree", "bstree\bstree.vcproj", "{5AA1256E-E427-45D8-9353-D73800AF7259}"
EndProject
Global
	GlobalSection(SolutionConfigurationPlatforms) = preSolution
		Debug|Win32 = Debug|Win32
		Release|Win32 = Release|Win32
	EndGlobalSection
	GlobalSection(ProjectConfigurationPlatforms) = postSolution
		{5AA1256E-E427-45D8-9353-D73800AF7259}.Debug|Win32.ActiveCfg = Debug|Win32
		{5AA1256E-E427-45D8-9353-D73800AF7259}.Debug|Win32.Build.0 = Debug|Win32
		{5AA1256E-E427-45D8-9353-D73800AF7259}.Release|Win32.ActiveCfg = Release|Win32
		{5AA1256E-E427-45D8-9353-D73800AF7259}.Release|Win32.Build.0 = Release|Win32
	EndGlobalSection
	GlobalSection(SolutionProperties) = preSolution
		HideSolutionNode = FALSE
	EndGlobalSection
EndGlobal
