
Microsoft Visual Studio Solution File, Format Version 9.00
# Visual Studio 2005
Project("{8BC9CEB8-8B4A-11D0-8D11-00A0C91BC942}") = "stack", "stack\stack.vcproj", "{05F1AC00-C45F-42CD-8891-E170F76AF74A}"
EndProject
Global
	GlobalSection(SolutionConfigurationPlatforms) = preSolution
		Debug|Win32 = Debug|Win32
		Release|Win32 = Release|Win32
	EndGlobalSection
	GlobalSection(ProjectConfigurationPlatforms) = postSolution
		{05F1AC00-C45F-42CD-8891-E170F76AF74A}.Debug|Win32.ActiveCfg = Debug|Win32
		{05F1AC00-C45F-42CD-8891-E170F76AF74A}.Debug|Win32.Build.0 = Debug|Win32
		{05F1AC00-C45F-42CD-8891-E170F76AF74A}.Release|Win32.ActiveCfg = Release|Win32
		{05F1AC00-C45F-42CD-8891-E170F76AF74A}.Release|Win32.Build.0 = Release|Win32
	EndGlobalSection
	GlobalSection(SolutionProperties) = preSolution
		HideSolutionNode = FALSE
	EndGlobalSection
EndGlobal
